<?xml version="1.0" encoding="utf-8"?>
<Project ToolsVersion="4.0" xmlns="http://schemas.microsoft.com/developer/msbuild/2003">
  <ItemGroup>
    <Filter Include="crystal">
      <UniqueIdentifier>{A7D23FDB-13B2-BE76-1CCA-494D882825D8}</UniqueIdentifier>
    </Filter>
    <Filter Include="crystal\events">
      <UniqueIdentifier>{CB300C14-B7FE-FF19-A092-70408CFFDB7E}</UniqueIdentifier>
    </Filter>
    <Filter Include="crystal\layers">
      <UniqueIdentifier>{A61BEF22-92E9-E228-7B7D-534F67EABE8D}</UniqueIdentifier>
    </Filter>
    <Filter Include="imgui">
      <UniqueIdentifier>{0098A80F-6CAC-D0C0-352E-7420A101CDF1}</UniqueIdentifier>
    </Filter>
    <Filter Include="platform">
      <UniqueIdentifier>{4A63C33C-3630-1E48-5F49-0CF04B7553D6}</UniqueIdentifier>
    </Filter>
    <Filter Include="platform\openGL">
      <UniqueIdentifier>{5E49BFD0-CAD4-2C95-D3E5-AF893FF08895}</UniqueIdentifier>
    </Filter>
    <Filter Include="platform\windows">
      <UniqueIdentifier>{A44FC440-9048-E392-B97A-C817A5D2C29E}</UniqueIdentifier>
    </Filter>
  </ItemGroup>
  <ItemGroup>
    <ClInclude Include="src\Crystal.h" />
    <ClInclude Include="src\crystal\Application.h">
      <Filter>crystal</Filter>
    </ClInclude>
    <ClInclude Include="src\crystal\Core.h">
      <Filter>crystal</Filter>
    </ClInclude>
    <ClInclude Include="src\crystal\EntryPoint.h">
      <Filter>crystal</Filter>
    </ClInclude>
    <ClInclude Include="src\crystal\Log.h">
      <Filter>crystal</Filter>
    </ClInclude>
    <ClInclude Include="src\crystal\Window.h">
      <Filter>crystal</Filter>
    </ClInclude>
    <ClInclude Include="src\crystal\events\ApplicationEvent.h">
      <Filter>crystal\events</Filter>
    </ClInclude>
    <ClInclude Include="src\crystal\events\Event.h">
      <Filter>crystal\events</Filter>
    </ClInclude>
    <ClInclude Include="src\crystal\events\KeyEvent.h">
      <Filter>crystal\events</Filter>
    </ClInclude>
    <ClInclude Include="src\crystal\events\MouseEvent.h">
      <Filter>crystal\events</Filter>
    </ClInclude>
    <ClInclude Include="src\crystal\layers\Layer.h">
      <Filter>crystal\layers</Filter>
    </ClInclude>
    <ClInclude Include="src\crystal\layers\LayerStack.h">
      <Filter>crystal\layers</Filter>
    </ClInclude>
    <ClInclude Include="src\crystalpch.h" />
    <ClInclude Include="src\platform\openGL\ImGuiOpenGLRenderer.h">
      <Filter>platform\openGL</Filter>
    </ClInclude>
    <ClInclude Include="src\platform\windows\WindowsWindow.h">
      <Filter>platform\windows</Filter>
    </ClInclude>
    <ClInclude Include="src\crystal\imgui\ImGuiLayer.h">
      <Filter>imgui</Filter>
    </ClInclude>
  </ItemGroup>
  <ItemGroup>
    <ClCompile Include="src\crystal\Application.cpp">
      <Filter>crystal</Filter>
    </ClCompile>
    <ClCompile Include="src\crystal\Log.cpp">
      <Filter>crystal</Filter>
    </ClCompile>
    <ClCompile Include="src\crystal\layers\Layer.cpp">
      <Filter>crystal\layers</Filter>
    </ClCompile>
    <ClCompile Include="src\crystal\layers\LayerStack.cpp">
      <Filter>crystal\layers</Filter>
    </ClCompile>
    <ClCompile Include="src\crystalpch.cpp" />
    <ClCompile Include="src\platform\openGL\ImGuiOpenGLRenderer.cpp">
      <Filter>platform\openGL</Filter>
    </ClCompile>
    <ClCompile Include="src\platform\windows\WindowsWindow.cpp">
      <Filter>platform\windows</Filter>
    </ClCompile>
    <ClCompile Include="src\crystal\imgui\ImGuiLayer.cpp">
      <Filter>imgui</Filter>
    </ClCompile>
  </ItemGroup>
</Project>