<?xml version="1.0" encoding="utf-8"?>
<Project ToolsVersion="4.0" xmlns="http://schemas.microsoft.com/developer/msbuild/2003">
  <ItemGroup>
    <Filter Include="crystal">
      <UniqueIdentifier>{A7D23FDB-13B2-BE76-1CCA-494D882825D8}</UniqueIdentifier>
    </Filter>
    <Filter Include="crystal\events">
      <UniqueIdentifier>{CB300C14-B7FE-FF19-A092-70408CFFDB7E}</UniqueIdentifier>
    </Filter>
  </ItemGroup>
  <ItemGroup>
    <ClInclude Include="src\Crystal.h" />
    <ClInclude Include="src\crystal\Application.h">
      <Filter>crystal</Filter>
    </ClInclude>
    <ClInclude Include="src\crystal\Core.h">
      <Filter>crystal</Filter>
    </ClInclude>
    <ClInclude Include="src\crystal\EntryPoint.h">
      <Filter>crystal</Filter>
    </ClInclude>
    <ClInclude Include="src\crystal\Log.h">
      <Filter>crystal</Filter>
    </ClInclude>
    <ClInclude Include="src\crystal\events\ApplicationEvent.h">
      <Filter>crystal\events</Filter>
    </ClInclude>
    <ClInclude Include="src\crystal\events\Event.h">
      <Filter>crystal\events</Filter>
    </ClInclude>
    <ClInclude Include="src\crystal\events\KeyEvent.h">
      <Filter>crystal\events</Filter>
    </ClInclude>
    <ClInclude Include="src\crystal\events\MouseEvent.h">
      <Filter>crystal\events</Filter>
    </ClInclude>
  </ItemGroup>
  <ItemGroup>
    <ClCompile Include="src\crystal\Application.cpp">
      <Filter>crystal</Filter>
    </ClCompile>
    <ClCompile Include="src\crystal\Log.cpp">
      <Filter>crystal</Filter>
    </ClCompile>
  </ItemGroup>
</Project>